
Microsoft Visual Studio Solution File, Format Version 12.00
# Visual Studio Version 16
VisualStudioVersion = 16.0.29020.237
MinimumVisualStudioVersion = 10.0.40219.1
Project("{FAE04EC0-301F-11D3-BF4B-00C04F79EFBC}") = "WPF de Joanna Sakugawa", "WPF de Joanna Sakugawa\WPF de Joanna Sakugawa.csproj", "{99DBA40A-6279-4711-800C-86792C16D634}"
EndProject
Global
	GlobalSection(SolutionConfigurationPlatforms) = preSolution
		Debug|Any CPU = Debug|Any CPU
		Release|Any CPU = Release|Any CPU
	EndGlobalSection
	GlobalSection(ProjectConfigurationPlatforms) = postSolution
		{99DBA40A-6279-4711-800C-86792C16D634}.Debug|Any CPU.ActiveCfg = Debug|Any CPU
		{99DBA40A-6279-4711-800C-86792C16D634}.Debug|Any CPU.Build.0 = Debug|Any CPU
		{99DBA40A-6279-4711-800C-86792C16D634}.Release|Any CPU.ActiveCfg = Release|Any CPU
		{99DBA40A-6279-4711-800C-86792C16D634}.Release|Any CPU.Build.0 = Release|Any CPU
	EndGlobalSection
	GlobalSection(SolutionProperties) = preSolution
		HideSolutionNode = FALSE
	EndGlobalSection
	GlobalSection(ExtensibilityGlobals) = postSolution
		SolutionGuid = {503828B4-0AE0-42F1-AE44-4185507933AC}
	EndGlobalSection
EndGlobal
